// !$*UTF8*$!
{
	archiveVersion = 1;
	classes = {
	};
	objectVersion = 51;
	objects = {

/* Begin PBXBuildFile section */
		0F1FFF4F9B3042C3D1EF7D89 /* Pods_VaccinationCenterTests.framework in Frameworks */ = {isa = PBXBuildFile; fileRef = 63C8291E2BCCD7E831E4C3E3 /* Pods_VaccinationCenterTests.framework */; };
		84CF888EFAECEB7DF7566F83 /* Pods_VaccinationCenter.framework in Frameworks */ = {isa = PBXBuildFile; fileRef = 157094528D7FA37F952C03FC /* Pods_VaccinationCenter.framework */; };
		8C09DF7C65F0949956435FC2 /* Pods_VaccinationCenter_VaccinationCenterUITests.framework in Frameworks */ = {isa = PBXBuildFile; fileRef = D966E867630976ADB61ED37D /* Pods_VaccinationCenter_VaccinationCenterUITests.framework */; };
		BD1766562989EAB100A26A8B /* Uitils.swift in Sources */ = {isa = PBXBuildFile; fileRef = BD1766552989EAB100A26A8B /* Uitils.swift */; };
		BD1766582989EEE200A26A8B /* CenterListView.swift in Sources */ = {isa = PBXBuildFile; fileRef = BD1766572989EEE200A26A8B /* CenterListView.swift */; };
		BD4D74EC2A94877700C701EA /* NetworkLoggerPlugin.swift in Sources */ = {isa = PBXBuildFile; fileRef = BD4D74EB2A94877700C701EA /* NetworkLoggerPlugin.swift */; };
		BD4D74EE2A9487C800C701EA /* NetworkWrapper.swift in Sources */ = {isa = PBXBuildFile; fileRef = BD4D74ED2A9487C800C701EA /* NetworkWrapper.swift */; };
		BD4D74F02A94881A00C701EA /* DefaultCenterListRepository.swift in Sources */ = {isa = PBXBuildFile; fileRef = BD4D74EF2A94881A00C701EA /* DefaultCenterListRepository.swift */; };
		BD4D74F22A9488FA00C701EA /* CenterListDTO.swift in Sources */ = {isa = PBXBuildFile; fileRef = BD4D74F12A9488FA00C701EA /* CenterListDTO.swift */; };
		BD4D74F42A948DF800C701EA /* CenterListRepository.swift in Sources */ = {isa = PBXBuildFile; fileRef = BD4D74F32A948DF800C701EA /* CenterListRepository.swift */; };
		BD4D74F72A94900A00C701EA /* ViewModelType.swift in Sources */ = {isa = PBXBuildFile; fileRef = BD4D74F62A94900A00C701EA /* ViewModelType.swift */; };
		BD65FB8E26F5A19D00298E20 /* AppDelegate.swift in Sources */ = {isa = PBXBuildFile; fileRef = BD65FB8D26F5A19D00298E20 /* AppDelegate.swift */; };
		BD65FB9026F5A19D00298E20 /* SceneDelegate.swift in Sources */ = {isa = PBXBuildFile; fileRef = BD65FB8F26F5A19D00298E20 /* SceneDelegate.swift */; };
		BD65FB9226F5A19D00298E20 /* CenterListViewController.swift in Sources */ = {isa = PBXBuildFile; fileRef = BD65FB9126F5A19D00298E20 /* CenterListViewController.swift */; };
		BD65FB9726F5A19E00298E20 /* Assets.xcassets in Resources */ = {isa = PBXBuildFile; fileRef = BD65FB9626F5A19E00298E20 /* Assets.xcassets */; };
		BD65FB9A26F5A19E00298E20 /* LaunchScreen.storyboard in Resources */ = {isa = PBXBuildFile; fileRef = BD65FB9826F5A19E00298E20 /* LaunchScreen.storyboard */; };
		BD65FBA526F5A19E00298E20 /* VaccinationCenterTests.swift in Sources */ = {isa = PBXBuildFile; fileRef = BD65FBA426F5A19E00298E20 /* VaccinationCenterTests.swift */; };
		BD65FBB026F5A19E00298E20 /* VaccinationCenterUITests.swift in Sources */ = {isa = PBXBuildFile; fileRef = BD65FBAF26F5A19E00298E20 /* VaccinationCenterUITests.swift */; };
		BD65FBC826F5CA2500298E20 /* Center.swift in Sources */ = {isa = PBXBuildFile; fileRef = BD65FBC726F5CA2500298E20 /* Center.swift */; };
		BD65FBCE26F5EA8500298E20 /* CenterListTargetType.swift in Sources */ = {isa = PBXBuildFile; fileRef = BD65FBCD26F5EA8500298E20 /* CenterListTargetType.swift */; };
		BD65FBD126F5ED4900298E20 /* CenterListUseCase.swift in Sources */ = {isa = PBXBuildFile; fileRef = BD65FBD026F5ED4900298E20 /* CenterListUseCase.swift */; };
		BD65FBD526F5F08B00298E20 /* CenterListViewModel.swift in Sources */ = {isa = PBXBuildFile; fileRef = BD65FBD426F5F08B00298E20 /* CenterListViewModel.swift */; };
		BD65FBD726F630DE00298E20 /* CenterDetailViewController.swift in Sources */ = {isa = PBXBuildFile; fileRef = BD65FBD626F630DE00298E20 /* CenterDetailViewController.swift */; };
		BD65FBD926F6386800298E20 /* CenterDetailViewModel.swift in Sources */ = {isa = PBXBuildFile; fileRef = BD65FBD826F6386800298E20 /* CenterDetailViewModel.swift */; };
		BD65FBDB26FC4F7300298E20 /* CenterLocationViewModel.swift in Sources */ = {isa = PBXBuildFile; fileRef = BD65FBDA26FC4F7300298E20 /* CenterLocationViewModel.swift */; };
		BD65FBDD26FC4FB900298E20 /* Marker.swift in Sources */ = {isa = PBXBuildFile; fileRef = BD65FBDC26FC4FB900298E20 /* Marker.swift */; };
		BD65FBE026FC507600298E20 /* CenterLocationViewController.swift in Sources */ = {isa = PBXBuildFile; fileRef = BD65FBDF26FC507600298E20 /* CenterLocationViewController.swift */; };
		BD8072C32AB429DD00662CEB /* CenterDetailUseCase.swift in Sources */ = {isa = PBXBuildFile; fileRef = BD8072C22AB429DD00662CEB /* CenterDetailUseCase.swift */; };
		BDA3AD8E2A9328BE00A95D5A /* SecretKey.plist in Resources */ = {isa = PBXBuildFile; fileRef = BDA3AD8D2A9328BE00A95D5A /* SecretKey.plist */; };
		BDA3AD912A9329DF00A95D5A /* Bundle+Extension.swift in Sources */ = {isa = PBXBuildFile; fileRef = BDA3AD902A9329DF00A95D5A /* Bundle+Extension.swift */; };
		BDA3AD932A932EB000A95D5A /* Constants.swift in Sources */ = {isa = PBXBuildFile; fileRef = BDA3AD922A932EB000A95D5A /* Constants.swift */; };
		BDA3AD9D2A933EF800A95D5A /* CenterListTableViewCell.swift in Sources */ = {isa = PBXBuildFile; fileRef = BDA3AD9C2A933EF800A95D5A /* CenterListTableViewCell.swift */; };
		BDA3ADA02A933FF900A95D5A /* BaseLabel.swift in Sources */ = {isa = PBXBuildFile; fileRef = BDA3AD9F2A933FF900A95D5A /* BaseLabel.swift */; };
		BDA3ADA22A93523300A95D5A /* BaseHeaderView.swift in Sources */ = {isa = PBXBuildFile; fileRef = BDA3ADA12A93523300A95D5A /* BaseHeaderView.swift */; };
		BDA3ADA42A935BD800A95D5A /* BaseViewController.swift in Sources */ = {isa = PBXBuildFile; fileRef = BDA3ADA32A935BD800A95D5A /* BaseViewController.swift */; };
		BDBF3FC6298B364B009C4C29 /* CenterDetailView.swift in Sources */ = {isa = PBXBuildFile; fileRef = BDBF3FC5298B364B009C4C29 /* CenterDetailView.swift */; };
		BDBF3FC8298B37F2009C4C29 /* CommonDetailView.swift in Sources */ = {isa = PBXBuildFile; fileRef = BDBF3FC7298B37F2009C4C29 /* CommonDetailView.swift */; };
		BDF27A3D2A974CA50030542C /* Coordinator.swift in Sources */ = {isa = PBXBuildFile; fileRef = BDF27A3C2A974CA50030542C /* Coordinator.swift */; };
		BDF27A3F2A974D1E0030542C /* CenterListCoordinator.swift in Sources */ = {isa = PBXBuildFile; fileRef = BDF27A3E2A974D1E0030542C /* CenterListCoordinator.swift */; };
/* End PBXBuildFile section */

/* Begin PBXContainerItemProxy section */
		BD65FBA126F5A19E00298E20 /* PBXContainerItemProxy */ = {
			isa = PBXContainerItemProxy;
			containerPortal = BD65FB8226F5A19D00298E20 /* Project object */;
			proxyType = 1;
			remoteGlobalIDString = BD65FB8926F5A19D00298E20;
			remoteInfo = VaccinationCenter;
		};
		BD65FBAC26F5A19E00298E20 /* PBXContainerItemProxy */ = {
			isa = PBXContainerItemProxy;
			containerPortal = BD65FB8226F5A19D00298E20 /* Project object */;
			proxyType = 1;
			remoteGlobalIDString = BD65FB8926F5A19D00298E20;
			remoteInfo = VaccinationCenter;
		};
/* End PBXContainerItemProxy section */

/* Begin PBXFileReference section */
		157094528D7FA37F952C03FC /* Pods_VaccinationCenter.framework */ = {isa = PBXFileReference; explicitFileType = wrapper.framework; includeInIndex = 0; path = Pods_VaccinationCenter.framework; sourceTree = BUILT_PRODUCTS_DIR; };
		28D60412A1CAA4152DCAE3E3 /* Pods-VaccinationCenter.debug.xcconfig */ = {isa = PBXFileReference; includeInIndex = 1; lastKnownFileType = text.xcconfig; name = "Pods-VaccinationCenter.debug.xcconfig"; path = "Target Support Files/Pods-VaccinationCenter/Pods-VaccinationCenter.debug.xcconfig"; sourceTree = "<group>"; };
		63C8291E2BCCD7E831E4C3E3 /* Pods_VaccinationCenterTests.framework */ = {isa = PBXFileReference; explicitFileType = wrapper.framework; includeInIndex = 0; path = Pods_VaccinationCenterTests.framework; sourceTree = BUILT_PRODUCTS_DIR; };
		6A1D869AF106E400822BFE59 /* Pods-VaccinationCenter-VaccinationCenterUITests.release.xcconfig */ = {isa = PBXFileReference; includeInIndex = 1; lastKnownFileType = text.xcconfig; name = "Pods-VaccinationCenter-VaccinationCenterUITests.release.xcconfig"; path = "Target Support Files/Pods-VaccinationCenter-VaccinationCenterUITests/Pods-VaccinationCenter-VaccinationCenterUITests.release.xcconfig"; sourceTree = "<group>"; };
		9686F9138D1DB1CFB32F6476 /* Pods-VaccinationCenter-VaccinationCenterUITests.debug.xcconfig */ = {isa = PBXFileReference; includeInIndex = 1; lastKnownFileType = text.xcconfig; name = "Pods-VaccinationCenter-VaccinationCenterUITests.debug.xcconfig"; path = "Target Support Files/Pods-VaccinationCenter-VaccinationCenterUITests/Pods-VaccinationCenter-VaccinationCenterUITests.debug.xcconfig"; sourceTree = "<group>"; };
		BC46646E31C02C1D7A1D6A88 /* Pods-VaccinationCenterTests.debug.xcconfig */ = {isa = PBXFileReference; includeInIndex = 1; lastKnownFileType = text.xcconfig; name = "Pods-VaccinationCenterTests.debug.xcconfig"; path = "Target Support Files/Pods-VaccinationCenterTests/Pods-VaccinationCenterTests.debug.xcconfig"; sourceTree = "<group>"; };
		BD1766552989EAB100A26A8B /* Uitils.swift */ = {isa = PBXFileReference; lastKnownFileType = sourcecode.swift; path = Uitils.swift; sourceTree = "<group>"; };
		BD1766572989EEE200A26A8B /* CenterListView.swift */ = {isa = PBXFileReference; lastKnownFileType = sourcecode.swift; path = CenterListView.swift; sourceTree = "<group>"; };
		BD4D74EB2A94877700C701EA /* NetworkLoggerPlugin.swift */ = {isa = PBXFileReference; lastKnownFileType = sourcecode.swift; path = NetworkLoggerPlugin.swift; sourceTree = "<group>"; };
		BD4D74ED2A9487C800C701EA /* NetworkWrapper.swift */ = {isa = PBXFileReference; lastKnownFileType = sourcecode.swift; path = NetworkWrapper.swift; sourceTree = "<group>"; };
		BD4D74EF2A94881A00C701EA /* DefaultCenterListRepository.swift */ = {isa = PBXFileReference; lastKnownFileType = sourcecode.swift; path = DefaultCenterListRepository.swift; sourceTree = "<group>"; };
		BD4D74F12A9488FA00C701EA /* CenterListDTO.swift */ = {isa = PBXFileReference; lastKnownFileType = sourcecode.swift; path = CenterListDTO.swift; sourceTree = "<group>"; };
		BD4D74F32A948DF800C701EA /* CenterListRepository.swift */ = {isa = PBXFileReference; lastKnownFileType = sourcecode.swift; path = CenterListRepository.swift; sourceTree = "<group>"; };
		BD4D74F62A94900A00C701EA /* ViewModelType.swift */ = {isa = PBXFileReference; lastKnownFileType = sourcecode.swift; path = ViewModelType.swift; sourceTree = "<group>"; };
		BD65FB8A26F5A19D00298E20 /* VaccinationCenter.app */ = {isa = PBXFileReference; explicitFileType = wrapper.application; includeInIndex = 0; path = VaccinationCenter.app; sourceTree = BUILT_PRODUCTS_DIR; };
		BD65FB8D26F5A19D00298E20 /* AppDelegate.swift */ = {isa = PBXFileReference; lastKnownFileType = sourcecode.swift; path = AppDelegate.swift; sourceTree = "<group>"; };
		BD65FB8F26F5A19D00298E20 /* SceneDelegate.swift */ = {isa = PBXFileReference; lastKnownFileType = sourcecode.swift; path = SceneDelegate.swift; sourceTree = "<group>"; };
		BD65FB9126F5A19D00298E20 /* CenterListViewController.swift */ = {isa = PBXFileReference; lastKnownFileType = sourcecode.swift; path = CenterListViewController.swift; sourceTree = "<group>"; };
		BD65FB9626F5A19E00298E20 /* Assets.xcassets */ = {isa = PBXFileReference; lastKnownFileType = folder.assetcatalog; path = Assets.xcassets; sourceTree = "<group>"; };
		BD65FB9926F5A19E00298E20 /* Base */ = {isa = PBXFileReference; lastKnownFileType = file.storyboard; name = Base; path = Base.lproj/LaunchScreen.storyboard; sourceTree = "<group>"; };
		BD65FB9B26F5A19E00298E20 /* Info.plist */ = {isa = PBXFileReference; lastKnownFileType = text.plist.xml; path = Info.plist; sourceTree = "<group>"; };
		BD65FBA026F5A19E00298E20 /* VaccinationCenterTests.xctest */ = {isa = PBXFileReference; explicitFileType = wrapper.cfbundle; includeInIndex = 0; path = VaccinationCenterTests.xctest; sourceTree = BUILT_PRODUCTS_DIR; };
		BD65FBA426F5A19E00298E20 /* VaccinationCenterTests.swift */ = {isa = PBXFileReference; lastKnownFileType = sourcecode.swift; path = VaccinationCenterTests.swift; sourceTree = "<group>"; };
		BD65FBA626F5A19E00298E20 /* Info.plist */ = {isa = PBXFileReference; lastKnownFileType = text.plist.xml; path = Info.plist; sourceTree = "<group>"; };
		BD65FBAB26F5A19E00298E20 /* VaccinationCenterUITests.xctest */ = {isa = PBXFileReference; explicitFileType = wrapper.cfbundle; includeInIndex = 0; path = VaccinationCenterUITests.xctest; sourceTree = BUILT_PRODUCTS_DIR; };
		BD65FBAF26F5A19E00298E20 /* VaccinationCenterUITests.swift */ = {isa = PBXFileReference; lastKnownFileType = sourcecode.swift; path = VaccinationCenterUITests.swift; sourceTree = "<group>"; };
		BD65FBB126F5A19E00298E20 /* Info.plist */ = {isa = PBXFileReference; lastKnownFileType = text.plist.xml; path = Info.plist; sourceTree = "<group>"; };
		BD65FBC726F5CA2500298E20 /* Center.swift */ = {isa = PBXFileReference; lastKnownFileType = sourcecode.swift; path = Center.swift; sourceTree = "<group>"; };
		BD65FBCD26F5EA8500298E20 /* CenterListTargetType.swift */ = {isa = PBXFileReference; lastKnownFileType = sourcecode.swift; path = CenterListTargetType.swift; sourceTree = "<group>"; };
		BD65FBD026F5ED4900298E20 /* CenterListUseCase.swift */ = {isa = PBXFileReference; lastKnownFileType = sourcecode.swift; path = CenterListUseCase.swift; sourceTree = "<group>"; };
		BD65FBD426F5F08B00298E20 /* CenterListViewModel.swift */ = {isa = PBXFileReference; lastKnownFileType = sourcecode.swift; path = CenterListViewModel.swift; sourceTree = "<group>"; };
		BD65FBD626F630DE00298E20 /* CenterDetailViewController.swift */ = {isa = PBXFileReference; lastKnownFileType = sourcecode.swift; path = CenterDetailViewController.swift; sourceTree = "<group>"; };
		BD65FBD826F6386800298E20 /* CenterDetailViewModel.swift */ = {isa = PBXFileReference; lastKnownFileType = sourcecode.swift; path = CenterDetailViewModel.swift; sourceTree = "<group>"; };
		BD65FBDA26FC4F7300298E20 /* CenterLocationViewModel.swift */ = {isa = PBXFileReference; lastKnownFileType = sourcecode.swift; path = CenterLocationViewModel.swift; sourceTree = "<group>"; };
		BD65FBDC26FC4FB900298E20 /* Marker.swift */ = {isa = PBXFileReference; lastKnownFileType = sourcecode.swift; path = Marker.swift; sourceTree = "<group>"; };
		BD65FBDF26FC507600298E20 /* CenterLocationViewController.swift */ = {isa = PBXFileReference; lastKnownFileType = sourcecode.swift; path = CenterLocationViewController.swift; sourceTree = "<group>"; };
		BD8072C22AB429DD00662CEB /* CenterDetailUseCase.swift */ = {isa = PBXFileReference; lastKnownFileType = sourcecode.swift; path = CenterDetailUseCase.swift; sourceTree = "<group>"; };
		BDA3AD8D2A9328BE00A95D5A /* SecretKey.plist */ = {isa = PBXFileReference; lastKnownFileType = text.plist.xml; path = SecretKey.plist; sourceTree = "<group>"; };
		BDA3AD902A9329DF00A95D5A /* Bundle+Extension.swift */ = {isa = PBXFileReference; lastKnownFileType = sourcecode.swift; path = "Bundle+Extension.swift"; sourceTree = "<group>"; };
		BDA3AD922A932EB000A95D5A /* Constants.swift */ = {isa = PBXFileReference; lastKnownFileType = sourcecode.swift; path = Constants.swift; sourceTree = "<group>"; };
		BDA3AD9C2A933EF800A95D5A /* CenterListTableViewCell.swift */ = {isa = PBXFileReference; lastKnownFileType = sourcecode.swift; path = CenterListTableViewCell.swift; sourceTree = "<group>"; };
		BDA3AD9F2A933FF900A95D5A /* BaseLabel.swift */ = {isa = PBXFileReference; lastKnownFileType = sourcecode.swift; path = BaseLabel.swift; sourceTree = "<group>"; };
		BDA3ADA12A93523300A95D5A /* BaseHeaderView.swift */ = {isa = PBXFileReference; lastKnownFileType = sourcecode.swift; path = BaseHeaderView.swift; sourceTree = "<group>"; };
		BDA3ADA32A935BD800A95D5A /* BaseViewController.swift */ = {isa = PBXFileReference; lastKnownFileType = sourcecode.swift; path = BaseViewController.swift; sourceTree = "<group>"; };
		BDBF3FC5298B364B009C4C29 /* CenterDetailView.swift */ = {isa = PBXFileReference; lastKnownFileType = sourcecode.swift; path = CenterDetailView.swift; sourceTree = "<group>"; };
		BDBF3FC7298B37F2009C4C29 /* CommonDetailView.swift */ = {isa = PBXFileReference; lastKnownFileType = sourcecode.swift; path = CommonDetailView.swift; sourceTree = "<group>"; };
		BDF27A3C2A974CA50030542C /* Coordinator.swift */ = {isa = PBXFileReference; lastKnownFileType = sourcecode.swift; path = Coordinator.swift; sourceTree = "<group>"; };
		BDF27A3E2A974D1E0030542C /* CenterListCoordinator.swift */ = {isa = PBXFileReference; lastKnownFileType = sourcecode.swift; path = CenterListCoordinator.swift; sourceTree = "<group>"; };
		CB0454FEA769C82B8B149BB9 /* Pods-VaccinationCenterTests.release.xcconfig */ = {isa = PBXFileReference; includeInIndex = 1; lastKnownFileType = text.xcconfig; name = "Pods-VaccinationCenterTests.release.xcconfig"; path = "Target Support Files/Pods-VaccinationCenterTests/Pods-VaccinationCenterTests.release.xcconfig"; sourceTree = "<group>"; };
		D966E867630976ADB61ED37D /* Pods_VaccinationCenter_VaccinationCenterUITests.framework */ = {isa = PBXFileReference; explicitFileType = wrapper.framework; includeInIndex = 0; path = Pods_VaccinationCenter_VaccinationCenterUITests.framework; sourceTree = BUILT_PRODUCTS_DIR; };
		F6F15043D0D4483AC20E1EBA /* Pods-VaccinationCenter.release.xcconfig */ = {isa = PBXFileReference; includeInIndex = 1; lastKnownFileType = text.xcconfig; name = "Pods-VaccinationCenter.release.xcconfig"; path = "Target Support Files/Pods-VaccinationCenter/Pods-VaccinationCenter.release.xcconfig"; sourceTree = "<group>"; };
/* End PBXFileReference section */

/* Begin PBXFrameworksBuildPhase section */
		BD65FB8726F5A19D00298E20 /* Frameworks */ = {
			isa = PBXFrameworksBuildPhase;
			buildActionMask = 2147483647;
			files = (
				84CF888EFAECEB7DF7566F83 /* Pods_VaccinationCenter.framework in Frameworks */,
			);
			runOnlyForDeploymentPostprocessing = 0;
		};
		BD65FB9D26F5A19E00298E20 /* Frameworks */ = {
			isa = PBXFrameworksBuildPhase;
			buildActionMask = 2147483647;
			files = (
				0F1FFF4F9B3042C3D1EF7D89 /* Pods_VaccinationCenterTests.framework in Frameworks */,
			);
			runOnlyForDeploymentPostprocessing = 0;
		};
		BD65FBA826F5A19E00298E20 /* Frameworks */ = {
			isa = PBXFrameworksBuildPhase;
			buildActionMask = 2147483647;
			files = (
				8C09DF7C65F0949956435FC2 /* Pods_VaccinationCenter_VaccinationCenterUITests.framework in Frameworks */,
			);
			runOnlyForDeploymentPostprocessing = 0;
		};
/* End PBXFrameworksBuildPhase section */

/* Begin PBXGroup section */
		2335F74E196E6AC7D2B9913C /* Frameworks */ = {
			isa = PBXGroup;
			children = (
				157094528D7FA37F952C03FC /* Pods_VaccinationCenter.framework */,
				D966E867630976ADB61ED37D /* Pods_VaccinationCenter_VaccinationCenterUITests.framework */,
				63C8291E2BCCD7E831E4C3E3 /* Pods_VaccinationCenterTests.framework */,
			);
			name = Frameworks;
			sourceTree = "<group>";
		};
		BD1766522989E95F00A26A8B /* Common */ = {
			isa = PBXGroup;
			children = (
				BDA3AD9E2A933FE600A95D5A /* UIComponent */,
				BDA3AD8F2A9329BA00A95D5A /* Extension */,
				BD1766552989EAB100A26A8B /* Uitils.swift */,
				BDA3AD922A932EB000A95D5A /* Constants.swift */,
			);
			path = Common;
			sourceTree = "<group>";
		};
		BD1766592989F3DE00A26A8B /* Cell */ = {
			isa = PBXGroup;
			children = (
				BDA3AD9C2A933EF800A95D5A /* CenterListTableViewCell.swift */,
			);
			path = Cell;
			sourceTree = "<group>";
		};
		BD4D74F52A948FFC00C701EA /* Protocol */ = {
			isa = PBXGroup;
			children = (
				BD4D74F62A94900A00C701EA /* ViewModelType.swift */,
			);
			path = Protocol;
			sourceTree = "<group>";
		};
		BD65FB8126F5A19D00298E20 = {
			isa = PBXGroup;
			children = (
				BD65FB8C26F5A19D00298E20 /* VaccinationCenter */,
				BD65FBA326F5A19E00298E20 /* VaccinationCenterTests */,
				BD65FBAE26F5A19E00298E20 /* VaccinationCenterUITests */,
				BD65FB8B26F5A19D00298E20 /* Products */,
				DCE909F3E558C94F9AC4EC9D /* Pods */,
				2335F74E196E6AC7D2B9913C /* Frameworks */,
			);
			sourceTree = "<group>";
		};
		BD65FB8B26F5A19D00298E20 /* Products */ = {
			isa = PBXGroup;
			children = (
				BD65FB8A26F5A19D00298E20 /* VaccinationCenter.app */,
				BD65FBA026F5A19E00298E20 /* VaccinationCenterTests.xctest */,
				BD65FBAB26F5A19E00298E20 /* VaccinationCenterUITests.xctest */,
			);
			name = Products;
			sourceTree = "<group>";
		};
		BD65FB8C26F5A19D00298E20 /* VaccinationCenter */ = {
			isa = PBXGroup;
			children = (
				BDA3AD8A2A9325BC00A95D5A /* Domain */,
				BDA3AD8C2A9325C500A95D5A /* Presentation */,
				BDA3AD8B2A9325C200A95D5A /* Data */,
				BDA3AD942A9337EA00A95D5A /* Resources */,
				BD65FBDE26FC502700298E20 /* Application */,
				BD1766522989E95F00A26A8B /* Common */,
			);
			path = VaccinationCenter;
			sourceTree = "<group>";
		};
		BD65FBA326F5A19E00298E20 /* VaccinationCenterTests */ = {
			isa = PBXGroup;
			children = (
				BD65FBA426F5A19E00298E20 /* VaccinationCenterTests.swift */,
				BD65FBA626F5A19E00298E20 /* Info.plist */,
			);
			path = VaccinationCenterTests;
			sourceTree = "<group>";
		};
		BD65FBAE26F5A19E00298E20 /* VaccinationCenterUITests */ = {
			isa = PBXGroup;
			children = (
				BD65FBAF26F5A19E00298E20 /* VaccinationCenterUITests.swift */,
				BD65FBB126F5A19E00298E20 /* Info.plist */,
			);
			path = VaccinationCenterUITests;
			sourceTree = "<group>";
		};
		BD65FBBD26F5A34000298E20 /* View */ = {
			isa = PBXGroup;
			children = (
				BD1766572989EEE200A26A8B /* CenterListView.swift */,
				BDBF3FC5298B364B009C4C29 /* CenterDetailView.swift */,
				BD1766592989F3DE00A26A8B /* Cell */,
				BDBF3FC7298B37F2009C4C29 /* CommonDetailView.swift */,
			);
			path = View;
			sourceTree = "<group>";
		};
		BD65FBBF26F5A34C00298E20 /* Controller */ = {
			isa = PBXGroup;
			children = (
				BD65FB9126F5A19D00298E20 /* CenterListViewController.swift */,
				BD65FBD626F630DE00298E20 /* CenterDetailViewController.swift */,
				BD65FBDF26FC507600298E20 /* CenterLocationViewController.swift */,
			);
			path = Controller;
			sourceTree = "<group>";
		};
		BD65FBCF26F5EB0400298E20 /* Network */ = {
			isa = PBXGroup;
			children = (
				BDA3AD9A2A9338AB00A95D5A /* TargetType */,
				BDA3AD992A9338A500A95D5A /* Plugins */,
				BDA3AD982A9338A200A95D5A /* Wrapper */,
				BDA3AD972A93389D00A95D5A /* DataMapping */,
			);
			path = Network;
			sourceTree = "<group>";
		};
		BD65FBD226F5F03400298E20 /* UseCases */ = {
			isa = PBXGroup;
			children = (
				BD65FBD026F5ED4900298E20 /* CenterListUseCase.swift */,
				BD8072C22AB429DD00662CEB /* CenterDetailUseCase.swift */,
			);
			path = UseCases;
			sourceTree = "<group>";
		};
		BD65FBD326F5F07D00298E20 /* ViewModel */ = {
			isa = PBXGroup;
			children = (
				BD4D74F52A948FFC00C701EA /* Protocol */,
				BD65FBD426F5F08B00298E20 /* CenterListViewModel.swift */,
				BD65FBD826F6386800298E20 /* CenterDetailViewModel.swift */,
				BD65FBDA26FC4F7300298E20 /* CenterLocationViewModel.swift */,
			);
			path = ViewModel;
			sourceTree = "<group>";
		};
		BD65FBDE26FC502700298E20 /* Application */ = {
			isa = PBXGroup;
			children = (
				BD65FB8D26F5A19D00298E20 /* AppDelegate.swift */,
				BD65FB8F26F5A19D00298E20 /* SceneDelegate.swift */,
			);
			path = Application;
			sourceTree = "<group>";
		};
		BDA3AD8A2A9325BC00A95D5A /* Domain */ = {
			isa = PBXGroup;
			children = (
				BDA3AD952A93383400A95D5A /* Entities */,
				BD65FBD226F5F03400298E20 /* UseCases */,
				BDA3AD962A93384600A95D5A /* Interfaces */,
			);
			path = Domain;
			sourceTree = "<group>";
		};
		BDA3AD8B2A9325C200A95D5A /* Data */ = {
			isa = PBXGroup;
			children = (
				BDA3AD9B2A9338B700A95D5A /* Repositories */,
				BD65FBCF26F5EB0400298E20 /* Network */,
			);
			path = Data;
			sourceTree = "<group>";
		};
		BDA3AD8C2A9325C500A95D5A /* Presentation */ = {
			isa = PBXGroup;
			children = (
				BDF27A3B2A974C870030542C /* Coordinator */,
				BD65FBBD26F5A34000298E20 /* View */,
				BD65FBD326F5F07D00298E20 /* ViewModel */,
				BD65FBBF26F5A34C00298E20 /* Controller */,
			);
			path = Presentation;
			sourceTree = "<group>";
		};
		BDA3AD8F2A9329BA00A95D5A /* Extension */ = {
			isa = PBXGroup;
			children = (
				BDA3AD902A9329DF00A95D5A /* Bundle+Extension.swift */,
			);
			path = Extension;
			sourceTree = "<group>";
		};
		BDA3AD942A9337EA00A95D5A /* Resources */ = {
			isa = PBXGroup;
			children = (
				BD65FB9626F5A19E00298E20 /* Assets.xcassets */,
				BDA3AD8D2A9328BE00A95D5A /* SecretKey.plist */,
				BD65FB9B26F5A19E00298E20 /* Info.plist */,
				BD65FB9826F5A19E00298E20 /* LaunchScreen.storyboard */,
			);
			path = Resources;
			sourceTree = "<group>";
		};
		BDA3AD952A93383400A95D5A /* Entities */ = {
			isa = PBXGroup;
			children = (
				BD65FBC726F5CA2500298E20 /* Center.swift */,
				BD65FBDC26FC4FB900298E20 /* Marker.swift */,
			);
			path = Entities;
			sourceTree = "<group>";
		};
		BDA3AD962A93384600A95D5A /* Interfaces */ = {
			isa = PBXGroup;
			children = (
				BD4D74F32A948DF800C701EA /* CenterListRepository.swift */,
			);
			path = Interfaces;
			sourceTree = "<group>";
		};
		BDA3AD972A93389D00A95D5A /* DataMapping */ = {
			isa = PBXGroup;
			children = (
				BD4D74F12A9488FA00C701EA /* CenterListDTO.swift */,
			);
			path = DataMapping;
			sourceTree = "<group>";
		};
		BDA3AD982A9338A200A95D5A /* Wrapper */ = {
			isa = PBXGroup;
			children = (
				BD4D74ED2A9487C800C701EA /* NetworkWrapper.swift */,
			);
			path = Wrapper;
			sourceTree = "<group>";
		};
		BDA3AD992A9338A500A95D5A /* Plugins */ = {
			isa = PBXGroup;
			children = (
				BD4D74EB2A94877700C701EA /* NetworkLoggerPlugin.swift */,
			);
			path = Plugins;
			sourceTree = "<group>";
		};
		BDA3AD9A2A9338AB00A95D5A /* TargetType */ = {
			isa = PBXGroup;
			children = (
				BD65FBCD26F5EA8500298E20 /* CenterListTargetType.swift */,
			);
			path = TargetType;
			sourceTree = "<group>";
		};
		BDA3AD9B2A9338B700A95D5A /* Repositories */ = {
			isa = PBXGroup;
			children = (
				BD4D74EF2A94881A00C701EA /* DefaultCenterListRepository.swift */,
			);
			path = Repositories;
			sourceTree = "<group>";
		};
		BDA3AD9E2A933FE600A95D5A /* UIComponent */ = {
			isa = PBXGroup;
			children = (
				BDA3AD9F2A933FF900A95D5A /* BaseLabel.swift */,
				BDA3ADA12A93523300A95D5A /* BaseHeaderView.swift */,
				BDA3ADA32A935BD800A95D5A /* BaseViewController.swift */,
			);
			path = UIComponent;
			sourceTree = "<group>";
		};
		BDF27A3B2A974C870030542C /* Coordinator */ = {
			isa = PBXGroup;
			children = (
				BDF27A402A974FD90030542C /* Protocol */,
				BDF27A3E2A974D1E0030542C /* CenterListCoordinator.swift */,
			);
			path = Coordinator;
			sourceTree = "<group>";
		};
		BDF27A402A974FD90030542C /* Protocol */ = {
			isa = PBXGroup;
			children = (
				BDF27A3C2A974CA50030542C /* Coordinator.swift */,
			);
			path = Protocol;
			sourceTree = "<group>";
		};
		DCE909F3E558C94F9AC4EC9D /* Pods */ = {
			isa = PBXGroup;
			children = (
				28D60412A1CAA4152DCAE3E3 /* Pods-VaccinationCenter.debug.xcconfig */,
				F6F15043D0D4483AC20E1EBA /* Pods-VaccinationCenter.release.xcconfig */,
				9686F9138D1DB1CFB32F6476 /* Pods-VaccinationCenter-VaccinationCenterUITests.debug.xcconfig */,
				6A1D869AF106E400822BFE59 /* Pods-VaccinationCenter-VaccinationCenterUITests.release.xcconfig */,
				BC46646E31C02C1D7A1D6A88 /* Pods-VaccinationCenterTests.debug.xcconfig */,
				CB0454FEA769C82B8B149BB9 /* Pods-VaccinationCenterTests.release.xcconfig */,
			);
			path = Pods;
			sourceTree = "<group>";
		};
/* End PBXGroup section */

/* Begin PBXNativeTarget section */
		BD65FB8926F5A19D00298E20 /* VaccinationCenter */ = {
			isa = PBXNativeTarget;
			buildConfigurationList = BD65FBB426F5A19E00298E20 /* Build configuration list for PBXNativeTarget "VaccinationCenter" */;
			buildPhases = (
				78BB6C335DF51B5320302ADF /* [CP] Check Pods Manifest.lock */,
				BD65FB8626F5A19D00298E20 /* Sources */,
				BD65FB8726F5A19D00298E20 /* Frameworks */,
				BD65FB8826F5A19D00298E20 /* Resources */,
				848A49A8E145B37B1958DFB1 /* [CP] Embed Pods Frameworks */,
			);
			buildRules = (
			);
			dependencies = (
			);
			name = VaccinationCenter;
			productName = VaccinationCenter;
			productReference = BD65FB8A26F5A19D00298E20 /* VaccinationCenter.app */;
			productType = "com.apple.product-type.application";
		};
		BD65FB9F26F5A19E00298E20 /* VaccinationCenterTests */ = {
			isa = PBXNativeTarget;
			buildConfigurationList = BD65FBB726F5A19E00298E20 /* Build configuration list for PBXNativeTarget "VaccinationCenterTests" */;
			buildPhases = (
				DC2840866B60A39C7FE1B289 /* [CP] Check Pods Manifest.lock */,
				BD65FB9C26F5A19E00298E20 /* Sources */,
				BD65FB9D26F5A19E00298E20 /* Frameworks */,
				BD65FB9E26F5A19E00298E20 /* Resources */,
			);
			buildRules = (
			);
			dependencies = (
				BD65FBA226F5A19E00298E20 /* PBXTargetDependency */,
			);
			name = VaccinationCenterTests;
			productName = VaccinationCenterTests;
			productReference = BD65FBA026F5A19E00298E20 /* VaccinationCenterTests.xctest */;
			productType = "com.apple.product-type.bundle.unit-test";
		};
		BD65FBAA26F5A19E00298E20 /* VaccinationCenterUITests */ = {
			isa = PBXNativeTarget;
			buildConfigurationList = BD65FBBA26F5A19E00298E20 /* Build configuration list for PBXNativeTarget "VaccinationCenterUITests" */;
			buildPhases = (
				6DAA9AEFE8030D5F79E48F73 /* [CP] Check Pods Manifest.lock */,
				BD65FBA726F5A19E00298E20 /* Sources */,
				BD65FBA826F5A19E00298E20 /* Frameworks */,
				BD65FBA926F5A19E00298E20 /* Resources */,
				72F4F581DB71F9F096AF3C26 /* [CP] Embed Pods Frameworks */,
			);
			buildRules = (
			);
			dependencies = (
				BD65FBAD26F5A19E00298E20 /* PBXTargetDependency */,
			);
			name = VaccinationCenterUITests;
			productName = VaccinationCenterUITests;
			productReference = BD65FBAB26F5A19E00298E20 /* VaccinationCenterUITests.xctest */;
			productType = "com.apple.product-type.bundle.ui-testing";
		};
/* End PBXNativeTarget section */

/* Begin PBXProject section */
		BD65FB8226F5A19D00298E20 /* Project object */ = {
			isa = PBXProject;
			attributes = {
				LastSwiftUpdateCheck = 1250;
				LastUpgradeCheck = 1250;
				TargetAttributes = {
					BD65FB8926F5A19D00298E20 = {
						CreatedOnToolsVersion = 12.5.1;
					};
					BD65FB9F26F5A19E00298E20 = {
						CreatedOnToolsVersion = 12.5.1;
						TestTargetID = BD65FB8926F5A19D00298E20;
					};
					BD65FBAA26F5A19E00298E20 = {
						CreatedOnToolsVersion = 12.5.1;
						TestTargetID = BD65FB8926F5A19D00298E20;
					};
				};
			};
			buildConfigurationList = BD65FB8526F5A19D00298E20 /* Build configuration list for PBXProject "VaccinationCenter" */;
			compatibilityVersion = "Xcode 9.3";
			developmentRegion = en;
			hasScannedForEncodings = 0;
			knownRegions = (
				en,
				Base,
			);
			mainGroup = BD65FB8126F5A19D00298E20;
			productRefGroup = BD65FB8B26F5A19D00298E20 /* Products */;
			projectDirPath = "";
			projectRoot = "";
			targets = (
				BD65FB8926F5A19D00298E20 /* VaccinationCenter */,
				BD65FB9F26F5A19E00298E20 /* VaccinationCenterTests */,
				BD65FBAA26F5A19E00298E20 /* VaccinationCenterUITests */,
			);
		};
/* End PBXProject section */

/* Begin PBXResourcesBuildPhase section */
		BD65FB8826F5A19D00298E20 /* Resources */ = {
			isa = PBXResourcesBuildPhase;
			buildActionMask = 2147483647;
			files = (
				BDA3AD8E2A9328BE00A95D5A /* SecretKey.plist in Resources */,
				BD65FB9A26F5A19E00298E20 /* LaunchScreen.storyboard in Resources */,
				BD65FB9726F5A19E00298E20 /* Assets.xcassets in Resources */,
			);
			runOnlyForDeploymentPostprocessing = 0;
		};
		BD65FB9E26F5A19E00298E20 /* Resources */ = {
			isa = PBXResourcesBuildPhase;
			buildActionMask = 2147483647;
			files = (
			);
			runOnlyForDeploymentPostprocessing = 0;
		};
		BD65FBA926F5A19E00298E20 /* Resources */ = {
			isa = PBXResourcesBuildPhase;
			buildActionMask = 2147483647;
			files = (
			);
			runOnlyForDeploymentPostprocessing = 0;
		};
/* End PBXResourcesBuildPhase section */

/* Begin PBXShellScriptBuildPhase section */
		6DAA9AEFE8030D5F79E48F73 /* [CP] Check Pods Manifest.lock */ = {
			isa = PBXShellScriptBuildPhase;
			buildActionMask = 2147483647;
			files = (
			);
			inputFileListPaths = (
			);
			inputPaths = (
				"${PODS_PODFILE_DIR_PATH}/Podfile.lock",
				"${PODS_ROOT}/Manifest.lock",
			);
			name = "[CP] Check Pods Manifest.lock";
			outputFileListPaths = (
			);
			outputPaths = (
				"$(DERIVED_FILE_DIR)/Pods-VaccinationCenter-VaccinationCenterUITests-checkManifestLockResult.txt",
			);
			runOnlyForDeploymentPostprocessing = 0;
			shellPath = /bin/sh;
			shellScript = "diff \"${PODS_PODFILE_DIR_PATH}/Podfile.lock\" \"${PODS_ROOT}/Manifest.lock\" > /dev/null\nif [ $? != 0 ] ; then\n    # print error to STDERR\n    echo \"error: The sandbox is not in sync with the Podfile.lock. Run 'pod install' or update your CocoaPods installation.\" >&2\n    exit 1\nfi\n# This output is used by Xcode 'outputs' to avoid re-running this script phase.\necho \"SUCCESS\" > \"${SCRIPT_OUTPUT_FILE_0}\"\n";
			showEnvVarsInLog = 0;
		};
		72F4F581DB71F9F096AF3C26 /* [CP] Embed Pods Frameworks */ = {
			isa = PBXShellScriptBuildPhase;
			buildActionMask = 2147483647;
			files = (
			);
			inputFileListPaths = (
				"${PODS_ROOT}/Target Support Files/Pods-VaccinationCenter-VaccinationCenterUITests/Pods-VaccinationCenter-VaccinationCenterUITests-frameworks-${CONFIGURATION}-input-files.xcfilelist",
			);
			name = "[CP] Embed Pods Frameworks";
			outputFileListPaths = (
				"${PODS_ROOT}/Target Support Files/Pods-VaccinationCenter-VaccinationCenterUITests/Pods-VaccinationCenter-VaccinationCenterUITests-frameworks-${CONFIGURATION}-output-files.xcfilelist",
			);
			runOnlyForDeploymentPostprocessing = 0;
			shellPath = /bin/sh;
			shellScript = "\"${PODS_ROOT}/Target Support Files/Pods-VaccinationCenter-VaccinationCenterUITests/Pods-VaccinationCenter-VaccinationCenterUITests-frameworks.sh\"\n";
			showEnvVarsInLog = 0;
		};
		78BB6C335DF51B5320302ADF /* [CP] Check Pods Manifest.lock */ = {
			isa = PBXShellScriptBuildPhase;
			buildActionMask = 2147483647;
			files = (
			);
			inputFileListPaths = (
			);
			inputPaths = (
				"${PODS_PODFILE_DIR_PATH}/Podfile.lock",
				"${PODS_ROOT}/Manifest.lock",
			);
			name = "[CP] Check Pods Manifest.lock";
			outputFileListPaths = (
			);
			outputPaths = (
				"$(DERIVED_FILE_DIR)/Pods-VaccinationCenter-checkManifestLockResult.txt",
			);
			runOnlyForDeploymentPostprocessing = 0;
			shellPath = /bin/sh;
			shellScript = "diff \"${PODS_PODFILE_DIR_PATH}/Podfile.lock\" \"${PODS_ROOT}/Manifest.lock\" > /dev/null\nif [ $? != 0 ] ; then\n    # print error to STDERR\n    echo \"error: The sandbox is not in sync with the Podfile.lock. Run 'pod install' or update your CocoaPods installation.\" >&2\n    exit 1\nfi\n# This output is used by Xcode 'outputs' to avoid re-running this script phase.\necho \"SUCCESS\" > \"${SCRIPT_OUTPUT_FILE_0}\"\n";
			showEnvVarsInLog = 0;
		};
		848A49A8E145B37B1958DFB1 /* [CP] Embed Pods Frameworks */ = {
			isa = PBXShellScriptBuildPhase;
			buildActionMask = 2147483647;
			files = (
			);
			inputFileListPaths = (
				"${PODS_ROOT}/Target Support Files/Pods-VaccinationCenter/Pods-VaccinationCenter-frameworks-${CONFIGURATION}-input-files.xcfilelist",
			);
			name = "[CP] Embed Pods Frameworks";
			outputFileListPaths = (
				"${PODS_ROOT}/Target Support Files/Pods-VaccinationCenter/Pods-VaccinationCenter-frameworks-${CONFIGURATION}-output-files.xcfilelist",
			);
			runOnlyForDeploymentPostprocessing = 0;
			shellPath = /bin/sh;
			shellScript = "\"${PODS_ROOT}/Target Support Files/Pods-VaccinationCenter/Pods-VaccinationCenter-frameworks.sh\"\n";
			showEnvVarsInLog = 0;
		};
		DC2840866B60A39C7FE1B289 /* [CP] Check Pods Manifest.lock */ = {
			isa = PBXShellScriptBuildPhase;
			buildActionMask = 2147483647;
			files = (
			);
			inputFileListPaths = (
			);
			inputPaths = (
				"${PODS_PODFILE_DIR_PATH}/Podfile.lock",
				"${PODS_ROOT}/Manifest.lock",
			);
			name = "[CP] Check Pods Manifest.lock";
			outputFileListPaths = (
			);
			outputPaths = (
				"$(DERIVED_FILE_DIR)/Pods-VaccinationCenterTests-checkManifestLockResult.txt",
			);
			runOnlyForDeploymentPostprocessing = 0;
			shellPath = /bin/sh;
			shellScript = "diff \"${PODS_PODFILE_DIR_PATH}/Podfile.lock\" \"${PODS_ROOT}/Manifest.lock\" > /dev/null\nif [ $? != 0 ] ; then\n    # print error to STDERR\n    echo \"error: The sandbox is not in sync with the Podfile.lock. Run 'pod install' or update your CocoaPods installation.\" >&2\n    exit 1\nfi\n# This output is used by Xcode 'outputs' to avoid re-running this script phase.\necho \"SUCCESS\" > \"${SCRIPT_OUTPUT_FILE_0}\"\n";
			showEnvVarsInLog = 0;
		};
/* End PBXShellScriptBuildPhase section */

/* Begin PBXSourcesBuildPhase section */
		BD65FB8626F5A19D00298E20 /* Sources */ = {
			isa = PBXSourcesBuildPhase;
			buildActionMask = 2147483647;
			files = (
				BDA3AD9D2A933EF800A95D5A /* CenterListTableViewCell.swift in Sources */,
				BDA3ADA02A933FF900A95D5A /* BaseLabel.swift in Sources */,
				BD4D74EC2A94877700C701EA /* NetworkLoggerPlugin.swift in Sources */,
				BDBF3FC6298B364B009C4C29 /* CenterDetailView.swift in Sources */,
				BDA3AD932A932EB000A95D5A /* Constants.swift in Sources */,
				BD4D74F02A94881A00C701EA /* DefaultCenterListRepository.swift in Sources */,
				BD4D74F42A948DF800C701EA /* CenterListRepository.swift in Sources */,
				BDA3AD912A9329DF00A95D5A /* Bundle+Extension.swift in Sources */,
				BDA3ADA22A93523300A95D5A /* BaseHeaderView.swift in Sources */,
				BD65FBD126F5ED4900298E20 /* CenterListUseCase.swift in Sources */,
				BDBF3FC8298B37F2009C4C29 /* CommonDetailView.swift in Sources */,
				BD65FBD526F5F08B00298E20 /* CenterListViewModel.swift in Sources */,
				BD4D74EE2A9487C800C701EA /* NetworkWrapper.swift in Sources */,
				BDF27A3F2A974D1E0030542C /* CenterListCoordinator.swift in Sources */,
				BD65FB9226F5A19D00298E20 /* CenterListViewController.swift in Sources */,
				BD65FBCE26F5EA8500298E20 /* CenterListTargetType.swift in Sources */,
				BD65FB8E26F5A19D00298E20 /* AppDelegate.swift in Sources */,
				BD1766582989EEE200A26A8B /* CenterListView.swift in Sources */,
				BDA3ADA42A935BD800A95D5A /* BaseViewController.swift in Sources */,
				BDF27A3D2A974CA50030542C /* Coordinator.swift in Sources */,
				BD65FBD726F630DE00298E20 /* CenterDetailViewController.swift in Sources */,
				BD4D74F22A9488FA00C701EA /* CenterListDTO.swift in Sources */,
				BD8072C32AB429DD00662CEB /* CenterDetailUseCase.swift in Sources */,
				BD4D74F72A94900A00C701EA /* ViewModelType.swift in Sources */,
				BD1766562989EAB100A26A8B /* Uitils.swift in Sources */,
				BD65FBC826F5CA2500298E20 /* Center.swift in Sources */,
				BD65FBDD26FC4FB900298E20 /* Marker.swift in Sources */,
				BD65FBD926F6386800298E20 /* CenterDetailViewModel.swift in Sources */,
				BD65FB9026F5A19D00298E20 /* SceneDelegate.swift in Sources */,
				BD65FBDB26FC4F7300298E20 /* CenterLocationViewModel.swift in Sources */,
				BD65FBE026FC507600298E20 /* CenterLocationViewController.swift in Sources */,
			);
			runOnlyForDeploymentPostprocessing = 0;
		};
		BD65FB9C26F5A19E00298E20 /* Sources */ = {
			isa = PBXSourcesBuildPhase;
			buildActionMask = 2147483647;
			files = (
				BD65FBA526F5A19E00298E20 /* VaccinationCenterTests.swift in Sources */,
			);
			runOnlyForDeploymentPostprocessing = 0;
		};
		BD65FBA726F5A19E00298E20 /* Sources */ = {
			isa = PBXSourcesBuildPhase;
			buildActionMask = 2147483647;
			files = (
				BD65FBB026F5A19E00298E20 /* VaccinationCenterUITests.swift in Sources */,
			);
			runOnlyForDeploymentPostprocessing = 0;
		};
/* End PBXSourcesBuildPhase section */

/* Begin PBXTargetDependency section */
		BD65FBA226F5A19E00298E20 /* PBXTargetDependency */ = {
			isa = PBXTargetDependency;
			target = BD65FB8926F5A19D00298E20 /* VaccinationCenter */;
			targetProxy = BD65FBA126F5A19E00298E20 /* PBXContainerItemProxy */;
		};
		BD65FBAD26F5A19E00298E20 /* PBXTargetDependency */ = {
			isa = PBXTargetDependency;
			target = BD65FB8926F5A19D00298E20 /* VaccinationCenter */;
			targetProxy = BD65FBAC26F5A19E00298E20 /* PBXContainerItemProxy */;
		};
/* End PBXTargetDependency section */

/* Begin PBXVariantGroup section */
		BD65FB9826F5A19E00298E20 /* LaunchScreen.storyboard */ = {
			isa = PBXVariantGroup;
			children = (
				BD65FB9926F5A19E00298E20 /* Base */,
			);
			name = LaunchScreen.storyboard;
			sourceTree = "<group>";
		};
/* End PBXVariantGroup section */

/* Begin XCBuildConfiguration section */
		BD65FBB226F5A19E00298E20 /* Debug */ = {
			isa = XCBuildConfiguration;
			buildSettings = {
				ALWAYS_SEARCH_USER_PATHS = NO;
				CLANG_ANALYZER_NONNULL = YES;
				CLANG_ANALYZER_NUMBER_OBJECT_CONVERSION = YES_AGGRESSIVE;
				CLANG_CXX_LANGUAGE_STANDARD = "gnu++14";
				CLANG_CXX_LIBRARY = "libc++";
				CLANG_ENABLE_MODULES = YES;
				CLANG_ENABLE_OBJC_ARC = YES;
				CLANG_ENABLE_OBJC_WEAK = YES;
				CLANG_WARN_BLOCK_CAPTURE_AUTORELEASING = YES;
				CLANG_WARN_BOOL_CONVERSION = YES;
				CLANG_WARN_COMMA = YES;
				CLANG_WARN_CONSTANT_CONVERSION = YES;
				CLANG_WARN_DEPRECATED_OBJC_IMPLEMENTATIONS = YES;
				CLANG_WARN_DIRECT_OBJC_ISA_USAGE = YES_ERROR;
				CLANG_WARN_DOCUMENTATION_COMMENTS = YES;
				CLANG_WARN_EMPTY_BODY = YES;
				CLANG_WARN_ENUM_CONVERSION = YES;
				CLANG_WARN_INFINITE_RECURSION = YES;
				CLANG_WARN_INT_CONVERSION = YES;
				CLANG_WARN_NON_LITERAL_NULL_CONVERSION = YES;
				CLANG_WARN_OBJC_IMPLICIT_RETAIN_SELF = YES;
				CLANG_WARN_OBJC_LITERAL_CONVERSION = YES;
				CLANG_WARN_OBJC_ROOT_CLASS = YES_ERROR;
				CLANG_WARN_QUOTED_INCLUDE_IN_FRAMEWORK_HEADER = YES;
				CLANG_WARN_RANGE_LOOP_ANALYSIS = YES;
				CLANG_WARN_STRICT_PROTOTYPES = YES;
				CLANG_WARN_SUSPICIOUS_MOVE = YES;
				CLANG_WARN_UNGUARDED_AVAILABILITY = YES_AGGRESSIVE;
				CLANG_WARN_UNREACHABLE_CODE = YES;
				CLANG_WARN__DUPLICATE_METHOD_MATCH = YES;
				COPY_PHASE_STRIP = NO;
				DEBUG_INFORMATION_FORMAT = dwarf;
				ENABLE_STRICT_OBJC_MSGSEND = YES;
				ENABLE_TESTABILITY = YES;
				GCC_C_LANGUAGE_STANDARD = gnu11;
				GCC_DYNAMIC_NO_PIC = NO;
				GCC_NO_COMMON_BLOCKS = YES;
				GCC_OPTIMIZATION_LEVEL = 0;
				GCC_PREPROCESSOR_DEFINITIONS = (
					"DEBUG=1",
					"$(inherited)",
				);
				GCC_WARN_64_TO_32_BIT_CONVERSION = YES;
				GCC_WARN_ABOUT_RETURN_TYPE = YES_ERROR;
				GCC_WARN_UNDECLARED_SELECTOR = YES;
				GCC_WARN_UNINITIALIZED_AUTOS = YES_AGGRESSIVE;
				GCC_WARN_UNUSED_FUNCTION = YES;
				GCC_WARN_UNUSED_VARIABLE = YES;
				IPHONEOS_DEPLOYMENT_TARGET = 14.5;
				MTL_ENABLE_DEBUG_INFO = INCLUDE_SOURCE;
				MTL_FAST_MATH = YES;
				ONLY_ACTIVE_ARCH = YES;
				SDKROOT = iphoneos;
				SWIFT_ACTIVE_COMPILATION_CONDITIONS = DEBUG;
				SWIFT_OPTIMIZATION_LEVEL = "-Onone";
			};
			name = Debug;
		};
		BD65FBB326F5A19E00298E20 /* Release */ = {
			isa = XCBuildConfiguration;
			buildSettings = {
				ALWAYS_SEARCH_USER_PATHS = NO;
				CLANG_ANALYZER_NONNULL = YES;
				CLANG_ANALYZER_NUMBER_OBJECT_CONVERSION = YES_AGGRESSIVE;
				CLANG_CXX_LANGUAGE_STANDARD = "gnu++14";
				CLANG_CXX_LIBRARY = "libc++";
				CLANG_ENABLE_MODULES = YES;
				CLANG_ENABLE_OBJC_ARC = YES;
				CLANG_ENABLE_OBJC_WEAK = YES;
				CLANG_WARN_BLOCK_CAPTURE_AUTORELEASING = YES;
				CLANG_WARN_BOOL_CONVERSION = YES;
				CLANG_WARN_COMMA = YES;
				CLANG_WARN_CONSTANT_CONVERSION = YES;
				CLANG_WARN_DEPRECATED_OBJC_IMPLEMENTATIONS = YES;
				CLANG_WARN_DIRECT_OBJC_ISA_USAGE = YES_ERROR;
				CLANG_WARN_DOCUMENTATION_COMMENTS = YES;
				CLANG_WARN_EMPTY_BODY = YES;
				CLANG_WARN_ENUM_CONVERSION = YES;
				CLANG_WARN_INFINITE_RECURSION = YES;
				CLANG_WARN_INT_CONVERSION = YES;
				CLANG_WARN_NON_LITERAL_NULL_CONVERSION = YES;
				CLANG_WARN_OBJC_IMPLICIT_RETAIN_SELF = YES;
				CLANG_WARN_OBJC_LITERAL_CONVERSION = YES;
				CLANG_WARN_OBJC_ROOT_CLASS = YES_ERROR;
				CLANG_WARN_QUOTED_INCLUDE_IN_FRAMEWORK_HEADER = YES;
				CLANG_WARN_RANGE_LOOP_ANALYSIS = YES;
				CLANG_WARN_STRICT_PROTOTYPES = YES;
				CLANG_WARN_SUSPICIOUS_MOVE = YES;
				CLANG_WARN_UNGUARDED_AVAILABILITY = YES_AGGRESSIVE;
				CLANG_WARN_UNREACHABLE_CODE = YES;
				CLANG_WARN__DUPLICATE_METHOD_MATCH = YES;
				COPY_PHASE_STRIP = NO;
				DEBUG_INFORMATION_FORMAT = "dwarf-with-dsym";
				ENABLE_NS_ASSERTIONS = NO;
				ENABLE_STRICT_OBJC_MSGSEND = YES;
				GCC_C_LANGUAGE_STANDARD = gnu11;
				GCC_NO_COMMON_BLOCKS = YES;
				GCC_WARN_64_TO_32_BIT_CONVERSION = YES;
				GCC_WARN_ABOUT_RETURN_TYPE = YES_ERROR;
				GCC_WARN_UNDECLARED_SELECTOR = YES;
				GCC_WARN_UNINITIALIZED_AUTOS = YES_AGGRESSIVE;
				GCC_WARN_UNUSED_FUNCTION = YES;
				GCC_WARN_UNUSED_VARIABLE = YES;
				IPHONEOS_DEPLOYMENT_TARGET = 14.5;
				MTL_ENABLE_DEBUG_INFO = NO;
				MTL_FAST_MATH = YES;
				SDKROOT = iphoneos;
				SWIFT_COMPILATION_MODE = wholemodule;
				SWIFT_OPTIMIZATION_LEVEL = "-O";
				VALIDATE_PRODUCT = YES;
			};
			name = Release;
		};
		BD65FBB526F5A19E00298E20 /* Debug */ = {
			isa = XCBuildConfiguration;
			baseConfigurationReference = 28D60412A1CAA4152DCAE3E3 /* Pods-VaccinationCenter.debug.xcconfig */;
			buildSettings = {
				ASSETCATALOG_COMPILER_APPICON_NAME = AppIcon;
				ASSETCATALOG_COMPILER_GLOBAL_ACCENT_COLOR_NAME = AccentColor;
				CODE_SIGN_STYLE = Automatic;
				DEVELOPMENT_TEAM = 8KRV7X8GQ6;
				INFOPLIST_FILE = VaccinationCenter/Resources/Info.plist;
				LD_RUNPATH_SEARCH_PATHS = (
					"$(inherited)",
					"@executable_path/Frameworks",
				);
				PRODUCT_BUNDLE_IDENTIFIER = com.VaccinationCenter11;
				PRODUCT_NAME = "$(TARGET_NAME)";
				SWIFT_VERSION = 5.0;
				TARGETED_DEVICE_FAMILY = "1,2";
			};
			name = Debug;
		};
		BD65FBB626F5A19E00298E20 /* Release */ = {
			isa = XCBuildConfiguration;
			baseConfigurationReference = F6F15043D0D4483AC20E1EBA /* Pods-VaccinationCenter.release.xcconfig */;
			buildSettings = {
				ASSETCATALOG_COMPILER_APPICON_NAME = AppIcon;
				ASSETCATALOG_COMPILER_GLOBAL_ACCENT_COLOR_NAME = AccentColor;
				CODE_SIGN_STYLE = Automatic;
				DEVELOPMENT_TEAM = 8KRV7X8GQ6;
				INFOPLIST_FILE = VaccinationCenter/Resources/Info.plist;
				LD_RUNPATH_SEARCH_PATHS = (
					"$(inherited)",
					"@executable_path/Frameworks",
				);
				PRODUCT_BUNDLE_IDENTIFIER = com.VaccinationCenter11;
				PRODUCT_NAME = "$(TARGET_NAME)";
				SWIFT_VERSION = 5.0;
				TARGETED_DEVICE_FAMILY = "1,2";
			};
			name = Release;
		};
		BD65FBB826F5A19E00298E20 /* Debug */ = {
			isa = XCBuildConfiguration;
			baseConfigurationReference = BC46646E31C02C1D7A1D6A88 /* Pods-VaccinationCenterTests.debug.xcconfig */;
			buildSettings = {
				ALWAYS_EMBED_SWIFT_STANDARD_LIBRARIES = YES;
				BUNDLE_LOADER = "$(TEST_HOST)";
				CODE_SIGN_STYLE = Automatic;
				DEVELOPMENT_TEAM = 8KRV7X8GQ6;
				INFOPLIST_FILE = VaccinationCenterTests/Info.plist;
				IPHONEOS_DEPLOYMENT_TARGET = 14.5;
				LD_RUNPATH_SEARCH_PATHS = (
					"$(inherited)",
					"@executable_path/Frameworks",
					"@loader_path/Frameworks",
				);
				PRODUCT_BUNDLE_IDENTIFIER = com.VaccinationCenterTests;
				PRODUCT_NAME = "$(TARGET_NAME)";
				SWIFT_VERSION = 5.0;
				TARGETED_DEVICE_FAMILY = "1,2";
				TEST_HOST = "$(BUILT_PRODUCTS_DIR)/VaccinationCenter.app/VaccinationCenter";
			};
			name = Debug;
		};
		BD65FBB926F5A19E00298E20 /* Release */ = {
			isa = XCBuildConfiguration;
			baseConfigurationReference = CB0454FEA769C82B8B149BB9 /* Pods-VaccinationCenterTests.release.xcconfig */;
			buildSettings = {
				ALWAYS_EMBED_SWIFT_STANDARD_LIBRARIES = YES;
				BUNDLE_LOADER = "$(TEST_HOST)";
				CODE_SIGN_STYLE = Automatic;
				DEVELOPMENT_TEAM = 8KRV7X8GQ6;
				INFOPLIST_FILE = VaccinationCenterTests/Info.plist;
				IPHONEOS_DEPLOYMENT_TARGET = 14.5;
				LD_RUNPATH_SEARCH_PATHS = (
					"$(inherited)",
					"@executable_path/Frameworks",
					"@loader_path/Frameworks",
				);
				PRODUCT_BUNDLE_IDENTIFIER = com.VaccinationCenterTests;
				PRODUCT_NAME = "$(TARGET_NAME)";
				SWIFT_VERSION = 5.0;
				TARGETED_DEVICE_FAMILY = "1,2";
				TEST_HOST = "$(BUILT_PRODUCTS_DIR)/VaccinationCenter.app/VaccinationCenter";
			};
			name = Release;
		};
		BD65FBBB26F5A19E00298E20 /* Debug */ = {
			isa = XCBuildConfiguration;
			baseConfigurationReference = 9686F9138D1DB1CFB32F6476 /* Pods-VaccinationCenter-VaccinationCenterUITests.debug.xcconfig */;
			buildSettings = {
				ALWAYS_EMBED_SWIFT_STANDARD_LIBRARIES = YES;
				CODE_SIGN_STYLE = Automatic;
				DEVELOPMENT_TEAM = 8KRV7X8GQ6;
				INFOPLIST_FILE = VaccinationCenterUITests/Info.plist;
				LD_RUNPATH_SEARCH_PATHS = (
					"$(inherited)",
					"@executable_path/Frameworks",
					"@loader_path/Frameworks",
				);
				PRODUCT_BUNDLE_IDENTIFIER = com.VaccinationCenterUITests;
				PRODUCT_NAME = "$(TARGET_NAME)";
				SWIFT_VERSION = 5.0;
				TARGETED_DEVICE_FAMILY = "1,2";
				TEST_TARGET_NAME = VaccinationCenter;
			};
			name = Debug;
		};
		BD65FBBC26F5A19E00298E20 /* Release */ = {
			isa = XCBuildConfiguration;
			baseConfigurationReference = 6A1D869AF106E400822BFE59 /* Pods-VaccinationCenter-VaccinationCenterUITests.release.xcconfig */;
			buildSettings = {
				ALWAYS_EMBED_SWIFT_STANDARD_LIBRARIES = YES;
				CODE_SIGN_STYLE = Automatic;
				DEVELOPMENT_TEAM = 8KRV7X8GQ6;
				INFOPLIST_FILE = VaccinationCenterUITests/Info.plist;
				LD_RUNPATH_SEARCH_PATHS = (
					"$(inherited)",
					"@executable_path/Frameworks",
					"@loader_path/Frameworks",
				);
				PRODUCT_BUNDLE_IDENTIFIER = com.VaccinationCenterUITests;
				PRODUCT_NAME = "$(TARGET_NAME)";
				SWIFT_VERSION = 5.0;
				TARGETED_DEVICE_FAMILY = "1,2";
				TEST_TARGET_NAME = VaccinationCenter;
			};
			name = Release;
		};
/* End XCBuildConfiguration section */

/* Begin XCConfigurationList section */
		BD65FB8526F5A19D00298E20 /* Build configuration list for PBXProject "VaccinationCenter" */ = {
			isa = XCConfigurationList;
			buildConfigurations = (
				BD65FBB226F5A19E00298E20 /* Debug */,
				BD65FBB326F5A19E00298E20 /* Release */,
			);
			defaultConfigurationIsVisible = 0;
			defaultConfigurationName = Release;
		};
		BD65FBB426F5A19E00298E20 /* Build configuration list for PBXNativeTarget "VaccinationCenter" */ = {
			isa = XCConfigurationList;
			buildConfigurations = (
				BD65FBB526F5A19E00298E20 /* Debug */,
				BD65FBB626F5A19E00298E20 /* Release */,
			);
			defaultConfigurationIsVisible = 0;
			defaultConfigurationName = Release;
		};
		BD65FBB726F5A19E00298E20 /* Build configuration list for PBXNativeTarget "VaccinationCenterTests" */ = {
			isa = XCConfigurationList;
			buildConfigurations = (
				BD65FBB826F5A19E00298E20 /* Debug */,
				BD65FBB926F5A19E00298E20 /* Release */,
			);
			defaultConfigurationIsVisible = 0;
			defaultConfigurationName = Release;
		};
		BD65FBBA26F5A19E00298E20 /* Build configuration list for PBXNativeTarget "VaccinationCenterUITests" */ = {
			isa = XCConfigurationList;
			buildConfigurations = (
				BD65FBBB26F5A19E00298E20 /* Debug */,
				BD65FBBC26F5A19E00298E20 /* Release */,
			);
			defaultConfigurationIsVisible = 0;
			defaultConfigurationName = Release;
		};
/* End XCConfigurationList section */
	};
	rootObject = BD65FB8226F5A19D00298E20 /* Project object */;
}
