// !$*UTF8*$!
{
	archiveVersion = 1;
	classes = {
	};
	objectVersion = 50;
	objects = {

/* Begin PBXBuildFile section */
		BD65FB8E26F5A19D00298E20 /* AppDelegate.swift in Sources */ = {isa = PBXBuildFile; fileRef = BD65FB8D26F5A19D00298E20 /* AppDelegate.swift */; };
		BD65FB9026F5A19D00298E20 /* SceneDelegate.swift in Sources */ = {isa = PBXBuildFile; fileRef = BD65FB8F26F5A19D00298E20 /* SceneDelegate.swift */; };
		BD65FB9226F5A19D00298E20 /* ViewController.swift in Sources */ = {isa = PBXBuildFile; fileRef = BD65FB9126F5A19D00298E20 /* ViewController.swift */; };
		BD65FB9526F5A19D00298E20 /* Main.storyboard in Resources */ = {isa = PBXBuildFile; fileRef = BD65FB9326F5A19D00298E20 /* Main.storyboard */; };
		BD65FB9726F5A19E00298E20 /* Assets.xcassets in Resources */ = {isa = PBXBuildFile; fileRef = BD65FB9626F5A19E00298E20 /* Assets.xcassets */; };
		BD65FB9A26F5A19E00298E20 /* LaunchScreen.storyboard in Resources */ = {isa = PBXBuildFile; fileRef = BD65FB9826F5A19E00298E20 /* LaunchScreen.storyboard */; };
		BD65FBA526F5A19E00298E20 /* VaccinationCenterTests.swift in Sources */ = {isa = PBXBuildFile; fileRef = BD65FBA426F5A19E00298E20 /* VaccinationCenterTests.swift */; };
		BD65FBB026F5A19E00298E20 /* VaccinationCenterUITests.swift in Sources */ = {isa = PBXBuildFile; fileRef = BD65FBAF26F5A19E00298E20 /* VaccinationCenterUITests.swift */; };
/* End PBXBuildFile section */

/* Begin PBXContainerItemProxy section */
		BD65FBA126F5A19E00298E20 /* PBXContainerItemProxy */ = {
			isa = PBXContainerItemProxy;
			containerPortal = BD65FB8226F5A19D00298E20 /* Project object */;
			proxyType = 1;
			remoteGlobalIDString = BD65FB8926F5A19D00298E20;
			remoteInfo = VaccinationCenter;
		};
		BD65FBAC26F5A19E00298E20 /* PBXContainerItemProxy */ = {
			isa = PBXContainerItemProxy;
			containerPortal = BD65FB8226F5A19D00298E20 /* Project object */;
			proxyType = 1;
			remoteGlobalIDString = BD65FB8926F5A19D00298E20;
			remoteInfo = VaccinationCenter;
		};
/* End PBXContainerItemProxy section */

/* Begin PBXFileReference section */
		BD65FB8A26F5A19D00298E20 /* VaccinationCenter.app */ = {isa = PBXFileReference; explicitFileType = wrapper.application; includeInIndex = 0; path = VaccinationCenter.app; sourceTree = BUILT_PRODUCTS_DIR; };
		BD65FB8D26F5A19D00298E20 /* AppDelegate.swift */ = {isa = PBXFileReference; lastKnownFileType = sourcecode.swift; path = AppDelegate.swift; sourceTree = "<group>"; };
		BD65FB8F26F5A19D00298E20 /* SceneDelegate.swift */ = {isa = PBXFileReference; lastKnownFileType = sourcecode.swift; path = SceneDelegate.swift; sourceTree = "<group>"; };
		BD65FB9126F5A19D00298E20 /* ViewController.swift */ = {isa = PBXFileReference; lastKnownFileType = sourcecode.swift; path = ViewController.swift; sourceTree = "<group>"; };
		BD65FB9426F5A19D00298E20 /* Base */ = {isa = PBXFileReference; lastKnownFileType = file.storyboard; name = Base; path = Base.lproj/Main.storyboard; sourceTree = "<group>"; };
		BD65FB9626F5A19E00298E20 /* Assets.xcassets */ = {isa = PBXFileReference; lastKnownFileType = folder.assetcatalog; path = Assets.xcassets; sourceTree = "<group>"; };
		BD65FB9926F5A19E00298E20 /* Base */ = {isa = PBXFileReference; lastKnownFileType = file.storyboard; name = Base; path = Base.lproj/LaunchScreen.storyboard; sourceTree = "<group>"; };
		BD65FB9B26F5A19E00298E20 /* Info.plist */ = {isa = PBXFileReference; lastKnownFileType = text.plist.xml; path = Info.plist; sourceTree = "<group>"; };
		BD65FBA026F5A19E00298E20 /* VaccinationCenterTests.xctest */ = {isa = PBXFileReference; explicitFileType = wrapper.cfbundle; includeInIndex = 0; path = VaccinationCenterTests.xctest; sourceTree = BUILT_PRODUCTS_DIR; };
		BD65FBA426F5A19E00298E20 /* VaccinationCenterTests.swift */ = {isa = PBXFileReference; lastKnownFileType = sourcecode.swift; path = VaccinationCenterTests.swift; sourceTree = "<group>"; };
		BD65FBA626F5A19E00298E20 /* Info.plist */ = {isa = PBXFileReference; lastKnownFileType = text.plist.xml; path = Info.plist; sourceTree = "<group>"; };
		BD65FBAB26F5A19E00298E20 /* VaccinationCenterUITests.xctest */ = {isa = PBXFileReference; explicitFileType = wrapper.cfbundle; includeInIndex = 0; path = VaccinationCenterUITests.xctest; sourceTree = BUILT_PRODUCTS_DIR; };
		BD65FBAF26F5A19E00298E20 /* VaccinationCenterUITests.swift */ = {isa = PBXFileReference; lastKnownFileType = sourcecode.swift; path = VaccinationCenterUITests.swift; sourceTree = "<group>"; };
		BD65FBB126F5A19E00298E20 /* Info.plist */ = {isa = PBXFileReference; lastKnownFileType = text.plist.xml; path = Info.plist; sourceTree = "<group>"; };
/* End PBXFileReference section */

/* Begin PBXFrameworksBuildPhase section */
		BD65FB8726F5A19D00298E20 /* Frameworks */ = {
			isa = PBXFrameworksBuildPhase;
			buildActionMask = 2147483647;
			files = (
			);
			runOnlyForDeploymentPostprocessing = 0;
		};
		BD65FB9D26F5A19E00298E20 /* Frameworks */ = {
			isa = PBXFrameworksBuildPhase;
			buildActionMask = 2147483647;
			files = (
			);
			runOnlyForDeploymentPostprocessing = 0;
		};
		BD65FBA826F5A19E00298E20 /* Frameworks */ = {
			isa = PBXFrameworksBuildPhase;
			buildActionMask = 2147483647;
			files = (
			);
			runOnlyForDeploymentPostprocessing = 0;
		};
/* End PBXFrameworksBuildPhase section */

/* Begin PBXGroup section */
		BD65FB8126F5A19D00298E20 = {
			isa = PBXGroup;
			children = (
				BD65FB8C26F5A19D00298E20 /* VaccinationCenter */,
				BD65FBA326F5A19E00298E20 /* VaccinationCenterTests */,
				BD65FBAE26F5A19E00298E20 /* VaccinationCenterUITests */,
				BD65FB8B26F5A19D00298E20 /* Products */,
			);
			sourceTree = "<group>";
		};
		BD65FB8B26F5A19D00298E20 /* Products */ = {
			isa = PBXGroup;
			children = (
				BD65FB8A26F5A19D00298E20 /* VaccinationCenter.app */,
				BD65FBA026F5A19E00298E20 /* VaccinationCenterTests.xctest */,
				BD65FBAB26F5A19E00298E20 /* VaccinationCenterUITests.xctest */,
			);
			name = Products;
			sourceTree = "<group>";
		};
		BD65FB8C26F5A19D00298E20 /* VaccinationCenter */ = {
			isa = PBXGroup;
			children = (
				BD65FB8D26F5A19D00298E20 /* AppDelegate.swift */,
				BD65FB8F26F5A19D00298E20 /* SceneDelegate.swift */,
				BD65FB9126F5A19D00298E20 /* ViewController.swift */,
				BD65FB9326F5A19D00298E20 /* Main.storyboard */,
				BD65FB9626F5A19E00298E20 /* Assets.xcassets */,
				BD65FB9826F5A19E00298E20 /* LaunchScreen.storyboard */,
				BD65FB9B26F5A19E00298E20 /* Info.plist */,
			);
			path = VaccinationCenter;
			sourceTree = "<group>";
		};
		BD65FBA326F5A19E00298E20 /* VaccinationCenterTests */ = {
			isa = PBXGroup;
			children = (
				BD65FBA426F5A19E00298E20 /* VaccinationCenterTests.swift */,
				BD65FBA626F5A19E00298E20 /* Info.plist */,
			);
			path = VaccinationCenterTests;
			sourceTree = "<group>";
		};
		BD65FBAE26F5A19E00298E20 /* VaccinationCenterUITests */ = {
			isa = PBXGroup;
			children = (
				BD65FBAF26F5A19E00298E20 /* VaccinationCenterUITests.swift */,
				BD65FBB126F5A19E00298E20 /* Info.plist */,
			);
			path = VaccinationCenterUITests;
			sourceTree = "<group>";
		};
/* End PBXGroup section */

/* Begin PBXNativeTarget section */
		BD65FB8926F5A19D00298E20 /* VaccinationCenter */ = {
			isa = PBXNativeTarget;
			buildConfigurationList = BD65FBB426F5A19E00298E20 /* Build configuration list for PBXNativeTarget "VaccinationCenter" */;
			buildPhases = (
				BD65FB8626F5A19D00298E20 /* Sources */,
				BD65FB8726F5A19D00298E20 /* Frameworks */,
				BD65FB8826F5A19D00298E20 /* Resources */,
			);
			buildRules = (
			);
			dependencies = (
			);
			name = VaccinationCenter;
			productName = VaccinationCenter;
			productReference = BD65FB8A26F5A19D00298E20 /* VaccinationCenter.app */;
			productType = "com.apple.product-type.application";
		};
		BD65FB9F26F5A19E00298E20 /* VaccinationCenterTests */ = {
			isa = PBXNativeTarget;
			buildConfigurationList = BD65FBB726F5A19E00298E20 /* Build configuration list for PBXNativeTarget "VaccinationCenterTests" */;
			buildPhases = (
				BD65FB9C26F5A19E00298E20 /* Sources */,
				BD65FB9D26F5A19E00298E20 /* Frameworks */,
				BD65FB9E26F5A19E00298E20 /* Resources */,
			);
			buildRules = (
			);
			dependencies = (
				BD65FBA226F5A19E00298E20 /* PBXTargetDependency */,
			);
			name = VaccinationCenterTests;
			productName = VaccinationCenterTests;
			productReference = BD65FBA026F5A19E00298E20 /* VaccinationCenterTests.xctest */;
			productType = "com.apple.product-type.bundle.unit-test";
		};
		BD65FBAA26F5A19E00298E20 /* VaccinationCenterUITests */ = {
			isa = PBXNativeTarget;
			buildConfigurationList = BD65FBBA26F5A19E00298E20 /* Build configuration list for PBXNativeTarget "VaccinationCenterUITests" */;
			buildPhases = (
				BD65FBA726F5A19E00298E20 /* Sources */,
				BD65FBA826F5A19E00298E20 /* Frameworks */,
				BD65FBA926F5A19E00298E20 /* Resources */,
			);
			buildRules = (
			);
			dependencies = (
				BD65FBAD26F5A19E00298E20 /* PBXTargetDependency */,
			);
			name = VaccinationCenterUITests;
			productName = VaccinationCenterUITests;
			productReference = BD65FBAB26F5A19E00298E20 /* VaccinationCenterUITests.xctest */;
			productType = "com.apple.product-type.bundle.ui-testing";
		};
/* End PBXNativeTarget section */

/* Begin PBXProject section */
		BD65FB8226F5A19D00298E20 /* Project object */ = {
			isa = PBXProject;
			attributes = {
				LastSwiftUpdateCheck = 1250;
				LastUpgradeCheck = 1250;
				TargetAttributes = {
					BD65FB8926F5A19D00298E20 = {
						CreatedOnToolsVersion = 12.5.1;
					};
					BD65FB9F26F5A19E00298E20 = {
						CreatedOnToolsVersion = 12.5.1;
						TestTargetID = BD65FB8926F5A19D00298E20;
					};
					BD65FBAA26F5A19E00298E20 = {
						CreatedOnToolsVersion = 12.5.1;
						TestTargetID = BD65FB8926F5A19D00298E20;
					};
				};
			};
			buildConfigurationList = BD65FB8526F5A19D00298E20 /* Build configuration list for PBXProject "VaccinationCenter" */;
			compatibilityVersion = "Xcode 9.3";
			developmentRegion = en;
			hasScannedForEncodings = 0;
			knownRegions = (
				en,
				Base,
			);
			mainGroup = BD65FB8126F5A19D00298E20;
			productRefGroup = BD65FB8B26F5A19D00298E20 /* Products */;
			projectDirPath = "";
			projectRoot = "";
			targets = (
				BD65FB8926F5A19D00298E20 /* VaccinationCenter */,
				BD65FB9F26F5A19E00298E20 /* VaccinationCenterTests */,
				BD65FBAA26F5A19E00298E20 /* VaccinationCenterUITests */,
			);
		};
/* End PBXProject section */

/* Begin PBXResourcesBuildPhase section */
		BD65FB8826F5A19D00298E20 /* Resources */ = {
			isa = PBXResourcesBuildPhase;
			buildActionMask = 2147483647;
			files = (
				BD65FB9A26F5A19E00298E20 /* LaunchScreen.storyboard in Resources */,
				BD65FB9726F5A19E00298E20 /* Assets.xcassets in Resources */,
				BD65FB9526F5A19D00298E20 /* Main.storyboard in Resources */,
			);
			runOnlyForDeploymentPostprocessing = 0;
		};
		BD65FB9E26F5A19E00298E20 /* Resources */ = {
			isa = PBXResourcesBuildPhase;
			buildActionMask = 2147483647;
			files = (
			);
			runOnlyForDeploymentPostprocessing = 0;
		};
		BD65FBA926F5A19E00298E20 /* Resources */ = {
			isa = PBXResourcesBuildPhase;
			buildActionMask = 2147483647;
			files = (
			);
			runOnlyForDeploymentPostprocessing = 0;
		};
/* End PBXResourcesBuildPhase section */

/* Begin PBXSourcesBuildPhase section */
		BD65FB8626F5A19D00298E20 /* Sources */ = {
			isa = PBXSourcesBuildPhase;
			buildActionMask = 2147483647;
			files = (
				BD65FB9226F5A19D00298E20 /* ViewController.swift in Sources */,
				BD65FB8E26F5A19D00298E20 /* AppDelegate.swift in Sources */,
				BD65FB9026F5A19D00298E20 /* SceneDelegate.swift in Sources */,
			);
			runOnlyForDeploymentPostprocessing = 0;
		};
		BD65FB9C26F5A19E00298E20 /* Sources */ = {
			isa = PBXSourcesBuildPhase;
			buildActionMask = 2147483647;
			files = (
				BD65FBA526F5A19E00298E20 /* VaccinationCenterTests.swift in Sources */,
			);
			runOnlyForDeploymentPostprocessing = 0;
		};
		BD65FBA726F5A19E00298E20 /* Sources */ = {
			isa = PBXSourcesBuildPhase;
			buildActionMask = 2147483647;
			files = (
				BD65FBB026F5A19E00298E20 /* VaccinationCenterUITests.swift in Sources */,
			);
			runOnlyForDeploymentPostprocessing = 0;
		};
/* End PBXSourcesBuildPhase section */

/* Begin PBXTargetDependency section */
		BD65FBA226F5A19E00298E20 /* PBXTargetDependency */ = {
			isa = PBXTargetDependency;
			target = BD65FB8926F5A19D00298E20 /* VaccinationCenter */;
			targetProxy = BD65FBA126F5A19E00298E20 /* PBXContainerItemProxy */;
		};
		BD65FBAD26F5A19E00298E20 /* PBXTargetDependency */ = {
			isa = PBXTargetDependency;
			target = BD65FB8926F5A19D00298E20 /* VaccinationCenter */;
			targetProxy = BD65FBAC26F5A19E00298E20 /* PBXContainerItemProxy */;
		};
/* End PBXTargetDependency section */

/* Begin PBXVariantGroup section */
		BD65FB9326F5A19D00298E20 /* Main.storyboard */ = {
			isa = PBXVariantGroup;
			children = (
				BD65FB9426F5A19D00298E20 /* Base */,
			);
			name = Main.storyboard;
			sourceTree = "<group>";
		};
		BD65FB9826F5A19E00298E20 /* LaunchScreen.storyboard */ = {
			isa = PBXVariantGroup;
			children = (
				BD65FB9926F5A19E00298E20 /* Base */,
			);
			name = LaunchScreen.storyboard;
			sourceTree = "<group>";
		};
/* End PBXVariantGroup section */

/* Begin XCBuildConfiguration section */
		BD65FBB226F5A19E00298E20 /* Debug */ = {
			isa = XCBuildConfiguration;
			buildSettings = {
				ALWAYS_SEARCH_USER_PATHS = NO;
				CLANG_ANALYZER_NONNULL = YES;
				CLANG_ANALYZER_NUMBER_OBJECT_CONVERSION = YES_AGGRESSIVE;
				CLANG_CXX_LANGUAGE_STANDARD = "gnu++14";
				CLANG_CXX_LIBRARY = "libc++";
				CLANG_ENABLE_MODULES = YES;
				CLANG_ENABLE_OBJC_ARC = YES;
				CLANG_ENABLE_OBJC_WEAK = YES;
				CLANG_WARN_BLOCK_CAPTURE_AUTORELEASING = YES;
				CLANG_WARN_BOOL_CONVERSION = YES;
				CLANG_WARN_COMMA = YES;
				CLANG_WARN_CONSTANT_CONVERSION = YES;
				CLANG_WARN_DEPRECATED_OBJC_IMPLEMENTATIONS = YES;
				CLANG_WARN_DIRECT_OBJC_ISA_USAGE = YES_ERROR;
				CLANG_WARN_DOCUMENTATION_COMMENTS = YES;
				CLANG_WARN_EMPTY_BODY = YES;
				CLANG_WARN_ENUM_CONVERSION = YES;
				CLANG_WARN_INFINITE_RECURSION = YES;
				CLANG_WARN_INT_CONVERSION = YES;
				CLANG_WARN_NON_LITERAL_NULL_CONVERSION = YES;
				CLANG_WARN_OBJC_IMPLICIT_RETAIN_SELF = YES;
				CLANG_WARN_OBJC_LITERAL_CONVERSION = YES;
				CLANG_WARN_OBJC_ROOT_CLASS = YES_ERROR;
				CLANG_WARN_QUOTED_INCLUDE_IN_FRAMEWORK_HEADER = YES;
				CLANG_WARN_RANGE_LOOP_ANALYSIS = YES;
				CLANG_WARN_STRICT_PROTOTYPES = YES;
				CLANG_WARN_SUSPICIOUS_MOVE = YES;
				CLANG_WARN_UNGUARDED_AVAILABILITY = YES_AGGRESSIVE;
				CLANG_WARN_UNREACHABLE_CODE = YES;
				CLANG_WARN__DUPLICATE_METHOD_MATCH = YES;
				COPY_PHASE_STRIP = NO;
				DEBUG_INFORMATION_FORMAT = dwarf;
				ENABLE_STRICT_OBJC_MSGSEND = YES;
				ENABLE_TESTABILITY = YES;
				GCC_C_LANGUAGE_STANDARD = gnu11;
				GCC_DYNAMIC_NO_PIC = NO;
				GCC_NO_COMMON_BLOCKS = YES;
				GCC_OPTIMIZATION_LEVEL = 0;
				GCC_PREPROCESSOR_DEFINITIONS = (
					"DEBUG=1",
					"$(inherited)",
				);
				GCC_WARN_64_TO_32_BIT_CONVERSION = YES;
				GCC_WARN_ABOUT_RETURN_TYPE = YES_ERROR;
				GCC_WARN_UNDECLARED_SELECTOR = YES;
				GCC_WARN_UNINITIALIZED_AUTOS = YES_AGGRESSIVE;
				GCC_WARN_UNUSED_FUNCTION = YES;
				GCC_WARN_UNUSED_VARIABLE = YES;
				IPHONEOS_DEPLOYMENT_TARGET = 14.5;
				MTL_ENABLE_DEBUG_INFO = INCLUDE_SOURCE;
				MTL_FAST_MATH = YES;
				ONLY_ACTIVE_ARCH = YES;
				SDKROOT = iphoneos;
				SWIFT_ACTIVE_COMPILATION_CONDITIONS = DEBUG;
				SWIFT_OPTIMIZATION_LEVEL = "-Onone";
			};
			name = Debug;
		};
		BD65FBB326F5A19E00298E20 /* Release */ = {
			isa = XCBuildConfiguration;
			buildSettings = {
				ALWAYS_SEARCH_USER_PATHS = NO;
				CLANG_ANALYZER_NONNULL = YES;
				CLANG_ANALYZER_NUMBER_OBJECT_CONVERSION = YES_AGGRESSIVE;
				CLANG_CXX_LANGUAGE_STANDARD = "gnu++14";
				CLANG_CXX_LIBRARY = "libc++";
				CLANG_ENABLE_MODULES = YES;
				CLANG_ENABLE_OBJC_ARC = YES;
				CLANG_ENABLE_OBJC_WEAK = YES;
				CLANG_WARN_BLOCK_CAPTURE_AUTORELEASING = YES;
				CLANG_WARN_BOOL_CONVERSION = YES;
				CLANG_WARN_COMMA = YES;
				CLANG_WARN_CONSTANT_CONVERSION = YES;
				CLANG_WARN_DEPRECATED_OBJC_IMPLEMENTATIONS = YES;
				CLANG_WARN_DIRECT_OBJC_ISA_USAGE = YES_ERROR;
				CLANG_WARN_DOCUMENTATION_COMMENTS = YES;
				CLANG_WARN_EMPTY_BODY = YES;
				CLANG_WARN_ENUM_CONVERSION = YES;
				CLANG_WARN_INFINITE_RECURSION = YES;
				CLANG_WARN_INT_CONVERSION = YES;
				CLANG_WARN_NON_LITERAL_NULL_CONVERSION = YES;
				CLANG_WARN_OBJC_IMPLICIT_RETAIN_SELF = YES;
				CLANG_WARN_OBJC_LITERAL_CONVERSION = YES;
				CLANG_WARN_OBJC_ROOT_CLASS = YES_ERROR;
				CLANG_WARN_QUOTED_INCLUDE_IN_FRAMEWORK_HEADER = YES;
				CLANG_WARN_RANGE_LOOP_ANALYSIS = YES;
				CLANG_WARN_STRICT_PROTOTYPES = YES;
				CLANG_WARN_SUSPICIOUS_MOVE = YES;
				CLANG_WARN_UNGUARDED_AVAILABILITY = YES_AGGRESSIVE;
				CLANG_WARN_UNREACHABLE_CODE = YES;
				CLANG_WARN__DUPLICATE_METHOD_MATCH = YES;
				COPY_PHASE_STRIP = NO;
				DEBUG_INFORMATION_FORMAT = "dwarf-with-dsym";
				ENABLE_NS_ASSERTIONS = NO;
				ENABLE_STRICT_OBJC_MSGSEND = YES;
				GCC_C_LANGUAGE_STANDARD = gnu11;
				GCC_NO_COMMON_BLOCKS = YES;
				GCC_WARN_64_TO_32_BIT_CONVERSION = YES;
				GCC_WARN_ABOUT_RETURN_TYPE = YES_ERROR;
				GCC_WARN_UNDECLARED_SELECTOR = YES;
				GCC_WARN_UNINITIALIZED_AUTOS = YES_AGGRESSIVE;
				GCC_WARN_UNUSED_FUNCTION = YES;
				GCC_WARN_UNUSED_VARIABLE = YES;
				IPHONEOS_DEPLOYMENT_TARGET = 14.5;
				MTL_ENABLE_DEBUG_INFO = NO;
				MTL_FAST_MATH = YES;
				SDKROOT = iphoneos;
				SWIFT_COMPILATION_MODE = wholemodule;
				SWIFT_OPTIMIZATION_LEVEL = "-O";
				VALIDATE_PRODUCT = YES;
			};
			name = Release;
		};
		BD65FBB526F5A19E00298E20 /* Debug */ = {
			isa = XCBuildConfiguration;
			buildSettings = {
				ASSETCATALOG_COMPILER_APPICON_NAME = AppIcon;
				ASSETCATALOG_COMPILER_GLOBAL_ACCENT_COLOR_NAME = AccentColor;
				CODE_SIGN_STYLE = Automatic;
				DEVELOPMENT_TEAM = 8KRV7X8GQ6;
				INFOPLIST_FILE = VaccinationCenter/Info.plist;
				LD_RUNPATH_SEARCH_PATHS = (
					"$(inherited)",
					"@executable_path/Frameworks",
				);
				PRODUCT_BUNDLE_IDENTIFIER = com.VaccinationCenter;
				PRODUCT_NAME = "$(TARGET_NAME)";
				SWIFT_VERSION = 5.0;
				TARGETED_DEVICE_FAMILY = "1,2";
			};
			name = Debug;
		};
		BD65FBB626F5A19E00298E20 /* Release */ = {
			isa = XCBuildConfiguration;
			buildSettings = {
				ASSETCATALOG_COMPILER_APPICON_NAME = AppIcon;
				ASSETCATALOG_COMPILER_GLOBAL_ACCENT_COLOR_NAME = AccentColor;
				CODE_SIGN_STYLE = Automatic;
				DEVELOPMENT_TEAM = 8KRV7X8GQ6;
				INFOPLIST_FILE = VaccinationCenter/Info.plist;
				LD_RUNPATH_SEARCH_PATHS = (
					"$(inherited)",
					"@executable_path/Frameworks",
				);
				PRODUCT_BUNDLE_IDENTIFIER = com.VaccinationCenter;
				PRODUCT_NAME = "$(TARGET_NAME)";
				SWIFT_VERSION = 5.0;
				TARGETED_DEVICE_FAMILY = "1,2";
			};
			name = Release;
		};
		BD65FBB826F5A19E00298E20 /* Debug */ = {
			isa = XCBuildConfiguration;
			buildSettings = {
				ALWAYS_EMBED_SWIFT_STANDARD_LIBRARIES = YES;
				BUNDLE_LOADER = "$(TEST_HOST)";
				CODE_SIGN_STYLE = Automatic;
				DEVELOPMENT_TEAM = 8KRV7X8GQ6;
				INFOPLIST_FILE = VaccinationCenterTests/Info.plist;
				IPHONEOS_DEPLOYMENT_TARGET = 14.5;
				LD_RUNPATH_SEARCH_PATHS = (
					"$(inherited)",
					"@executable_path/Frameworks",
					"@loader_path/Frameworks",
				);
				PRODUCT_BUNDLE_IDENTIFIER = com.VaccinationCenterTests;
				PRODUCT_NAME = "$(TARGET_NAME)";
				SWIFT_VERSION = 5.0;
				TARGETED_DEVICE_FAMILY = "1,2";
				TEST_HOST = "$(BUILT_PRODUCTS_DIR)/VaccinationCenter.app/VaccinationCenter";
			};
			name = Debug;
		};
		BD65FBB926F5A19E00298E20 /* Release */ = {
			isa = XCBuildConfiguration;
			buildSettings = {
				ALWAYS_EMBED_SWIFT_STANDARD_LIBRARIES = YES;
				BUNDLE_LOADER = "$(TEST_HOST)";
				CODE_SIGN_STYLE = Automatic;
				DEVELOPMENT_TEAM = 8KRV7X8GQ6;
				INFOPLIST_FILE = VaccinationCenterTests/Info.plist;
				IPHONEOS_DEPLOYMENT_TARGET = 14.5;
				LD_RUNPATH_SEARCH_PATHS = (
					"$(inherited)",
					"@executable_path/Frameworks",
					"@loader_path/Frameworks",
				);
				PRODUCT_BUNDLE_IDENTIFIER = com.VaccinationCenterTests;
				PRODUCT_NAME = "$(TARGET_NAME)";
				SWIFT_VERSION = 5.0;
				TARGETED_DEVICE_FAMILY = "1,2";
				TEST_HOST = "$(BUILT_PRODUCTS_DIR)/VaccinationCenter.app/VaccinationCenter";
			};
			name = Release;
		};
		BD65FBBB26F5A19E00298E20 /* Debug */ = {
			isa = XCBuildConfiguration;
			buildSettings = {
				ALWAYS_EMBED_SWIFT_STANDARD_LIBRARIES = YES;
				CODE_SIGN_STYLE = Automatic;
				DEVELOPMENT_TEAM = 8KRV7X8GQ6;
				INFOPLIST_FILE = VaccinationCenterUITests/Info.plist;
				LD_RUNPATH_SEARCH_PATHS = (
					"$(inherited)",
					"@executable_path/Frameworks",
					"@loader_path/Frameworks",
				);
				PRODUCT_BUNDLE_IDENTIFIER = com.VaccinationCenterUITests;
				PRODUCT_NAME = "$(TARGET_NAME)";
				SWIFT_VERSION = 5.0;
				TARGETED_DEVICE_FAMILY = "1,2";
				TEST_TARGET_NAME = VaccinationCenter;
			};
			name = Debug;
		};
		BD65FBBC26F5A19E00298E20 /* Release */ = {
			isa = XCBuildConfiguration;
			buildSettings = {
				ALWAYS_EMBED_SWIFT_STANDARD_LIBRARIES = YES;
				CODE_SIGN_STYLE = Automatic;
				DEVELOPMENT_TEAM = 8KRV7X8GQ6;
				INFOPLIST_FILE = VaccinationCenterUITests/Info.plist;
				LD_RUNPATH_SEARCH_PATHS = (
					"$(inherited)",
					"@executable_path/Frameworks",
					"@loader_path/Frameworks",
				);
				PRODUCT_BUNDLE_IDENTIFIER = com.VaccinationCenterUITests;
				PRODUCT_NAME = "$(TARGET_NAME)";
				SWIFT_VERSION = 5.0;
				TARGETED_DEVICE_FAMILY = "1,2";
				TEST_TARGET_NAME = VaccinationCenter;
			};
			name = Release;
		};
/* End XCBuildConfiguration section */

/* Begin XCConfigurationList section */
		BD65FB8526F5A19D00298E20 /* Build configuration list for PBXProject "VaccinationCenter" */ = {
			isa = XCConfigurationList;
			buildConfigurations = (
				BD65FBB226F5A19E00298E20 /* Debug */,
				BD65FBB326F5A19E00298E20 /* Release */,
			);
			defaultConfigurationIsVisible = 0;
			defaultConfigurationName = Release;
		};
		BD65FBB426F5A19E00298E20 /* Build configuration list for PBXNativeTarget "VaccinationCenter" */ = {
			isa = XCConfigurationList;
			buildConfigurations = (
				BD65FBB526F5A19E00298E20 /* Debug */,
				BD65FBB626F5A19E00298E20 /* Release */,
			);
			defaultConfigurationIsVisible = 0;
			defaultConfigurationName = Release;
		};
		BD65FBB726F5A19E00298E20 /* Build configuration list for PBXNativeTarget "VaccinationCenterTests" */ = {
			isa = XCConfigurationList;
			buildConfigurations = (
				BD65FBB826F5A19E00298E20 /* Debug */,
				BD65FBB926F5A19E00298E20 /* Release */,
			);
			defaultConfigurationIsVisible = 0;
			defaultConfigurationName = Release;
		};
		BD65FBBA26F5A19E00298E20 /* Build configuration list for PBXNativeTarget "VaccinationCenterUITests" */ = {
			isa = XCConfigurationList;
			buildConfigurations = (
				BD65FBBB26F5A19E00298E20 /* Debug */,
				BD65FBBC26F5A19E00298E20 /* Release */,
			);
			defaultConfigurationIsVisible = 0;
			defaultConfigurationName = Release;
		};
/* End XCConfigurationList section */
	};
	rootObject = BD65FB8226F5A19D00298E20 /* Project object */;
}
